
Microsoft Visual Studio Solution File, Format Version 12.00
# Visual Studio 15
Project("{FAE04EC0-301F-11D3-BF4B-00C04F79EFBC}") = "Assembly-CSharp", "Assembly-CSharp.csproj", "{C1161A96-C027-B9FB-DAB8-BF66C95CEAC3}"
EndProject
Project("{FAE04EC0-301F-11D3-BF4B-00C04F79EFBC}") = "Assembly-CSharp-Editor", "Assembly-CSharp-Editor.csproj", "{C927E057-ADDB-A3F2-5035-7A2B011ECA18}"
EndProject
Global
	GlobalSection(SolutionConfigurationPlatforms) = preSolution
		Debug|Any CPU = Debug|Any CPU
		Release|Any CPU = Release|Any CPU
	EndGlobalSection
	GlobalSection(ProjectConfigurationPlatforms) = postSolution
		{C1161A96-C027-B9FB-DAB8-BF66C95CEAC3}.Debug|Any CPU.ActiveCfg = Debug|Any CPU
		{C1161A96-C027-B9FB-DAB8-BF66C95CEAC3}.Debug|Any CPU.Build.0 = Debug|Any CPU
		{C1161A96-C027-B9FB-DAB8-BF66C95CEAC3}.Release|Any CPU.ActiveCfg = Release|Any CPU
		{C1161A96-C027-B9FB-DAB8-BF66C95CEAC3}.Release|Any CPU.Build.0 = Release|Any CPU
		{C927E057-ADDB-A3F2-5035-7A2B011ECA18}.Debug|Any CPU.ActiveCfg = Debug|Any CPU
		{C927E057-ADDB-A3F2-5035-7A2B011ECA18}.Debug|Any CPU.Build.0 = Debug|Any CPU
		{C927E057-ADDB-A3F2-5035-7A2B011ECA18}.Release|Any CPU.ActiveCfg = Release|Any CPU
		{C927E057-ADDB-A3F2-5035-7A2B011ECA18}.Release|Any CPU.Build.0 = Release|Any CPU
	EndGlobalSection
	GlobalSection(SolutionProperties) = preSolution
		HideSolutionNode = FALSE
	EndGlobalSection
EndGlobal
